// !$*UTF8*$!
{
	archiveVersion = 1;
	classes = {
	};
	objectVersion = 50;
	objects = {

/* Begin PBXBuildFile section */
		8702C212F83DABF33C5DF903 /* Pods_numericalAnalysis.framework in Frameworks */ = {isa = PBXBuildFile; fileRef = E48ED31701C7D23E61F2A377 /* Pods_numericalAnalysis.framework */; };
		AC81DA1C2265271D008D0DA0 /* AppDelegate.swift in Sources */ = {isa = PBXBuildFile; fileRef = AC81DA1B2265271D008D0DA0 /* AppDelegate.swift */; };
		AC81DA1E2265271D008D0DA0 /* MainTabBarContoller.swift in Sources */ = {isa = PBXBuildFile; fileRef = AC81DA1D2265271D008D0DA0 /* MainTabBarContoller.swift */; };
		AC81DA212265271D008D0DA0 /* Main.storyboard in Resources */ = {isa = PBXBuildFile; fileRef = AC81DA1F2265271D008D0DA0 /* Main.storyboard */; };
		AC81DA232265271F008D0DA0 /* Assets.xcassets in Resources */ = {isa = PBXBuildFile; fileRef = AC81DA222265271F008D0DA0 /* Assets.xcassets */; };
		AC81DA262265271F008D0DA0 /* LaunchScreen.storyboard in Resources */ = {isa = PBXBuildFile; fileRef = AC81DA242265271F008D0DA0 /* LaunchScreen.storyboard */; };
		AC81DA2F22652CB4008D0DA0 /* BaseDiffrentiation.swift in Sources */ = {isa = PBXBuildFile; fileRef = AC81DA2E22652CB4008D0DA0 /* BaseDiffrentiation.swift */; };
		AC81DA3122652CFD008D0DA0 /* ForwardDiffrentiation.swift in Sources */ = {isa = PBXBuildFile; fileRef = AC81DA3022652CFD008D0DA0 /* ForwardDiffrentiation.swift */; };
		AC81DA3322652D2F008D0DA0 /* BackwardDiffrentiation.swift in Sources */ = {isa = PBXBuildFile; fileRef = AC81DA3222652D2F008D0DA0 /* BackwardDiffrentiation.swift */; };
		AC81DA382265CEFC008D0DA0 /* Storyboarded.swift in Sources */ = {isa = PBXBuildFile; fileRef = AC81DA372265CEFC008D0DA0 /* Storyboarded.swift */; };
		AC81DA3A2265D402008D0DA0 /* NumericalAnalysis.swift in Sources */ = {isa = PBXBuildFile; fileRef = AC81DA392265D402008D0DA0 /* NumericalAnalysis.swift */; };
		AC81DA432265DF54008D0DA0 /* HomeCoordinator.swift in Sources */ = {isa = PBXBuildFile; fileRef = AC81DA422265DF54008D0DA0 /* HomeCoordinator.swift */; };
		AC81DA452265E012008D0DA0 /* Coordinator.swift in Sources */ = {isa = PBXBuildFile; fileRef = AC81DA442265E012008D0DA0 /* Coordinator.swift */; };
		AC81DA482265E080008D0DA0 /* CoordinatedNavigationController.swift in Sources */ = {isa = PBXBuildFile; fileRef = AC81DA472265E080008D0DA0 /* CoordinatedNavigationController.swift */; };
		AC81DA4A2265E1A2008D0DA0 /* HomeViewController.swift in Sources */ = {isa = PBXBuildFile; fileRef = AC81DA492265E1A2008D0DA0 /* HomeViewController.swift */; };
		AC81DA4C2265EAEE008D0DA0 /* HomeDataSource.swift in Sources */ = {isa = PBXBuildFile; fileRef = AC81DA4B2265EAEE008D0DA0 /* HomeDataSource.swift */; };
		AC81DA4F2265EE40008D0DA0 /* Chapters.json in Resources */ = {isa = PBXBuildFile; fileRef = AC81DA4E2265EE40008D0DA0 /* Chapters.json */; };
		AC81DA522265F13B008D0DA0 /* BundleLoading.swift in Sources */ = {isa = PBXBuildFile; fileRef = AC81DA512265F13B008D0DA0 /* BundleLoading.swift */; };
		AC81DA542265F2B8008D0DA0 /* Chapter.swift in Sources */ = {isa = PBXBuildFile; fileRef = AC81DA532265F2B8008D0DA0 /* Chapter.swift */; };
		AC81DA572265F6DB008D0DA0 /* TopicViewController.swift in Sources */ = {isa = PBXBuildFile; fileRef = AC81DA562265F6DB008D0DA0 /* TopicViewController.swift */; };
/* End PBXBuildFile section */

/* Begin PBXFileReference section */
		1A843CD066D5D749B7D6515C /* Pods-numericalAnalysis.release.xcconfig */ = {isa = PBXFileReference; includeInIndex = 1; lastKnownFileType = text.xcconfig; name = "Pods-numericalAnalysis.release.xcconfig"; path = "Target Support Files/Pods-numericalAnalysis/Pods-numericalAnalysis.release.xcconfig"; sourceTree = "<group>"; };
		AC81DA182265271D008D0DA0 /* numericalAnalysis.app */ = {isa = PBXFileReference; explicitFileType = wrapper.application; includeInIndex = 0; path = numericalAnalysis.app; sourceTree = BUILT_PRODUCTS_DIR; };
		AC81DA1B2265271D008D0DA0 /* AppDelegate.swift */ = {isa = PBXFileReference; lastKnownFileType = sourcecode.swift; path = AppDelegate.swift; sourceTree = "<group>"; };
		AC81DA1D2265271D008D0DA0 /* MainTabBarContoller.swift */ = {isa = PBXFileReference; lastKnownFileType = sourcecode.swift; path = MainTabBarContoller.swift; sourceTree = "<group>"; };
		AC81DA202265271D008D0DA0 /* Base */ = {isa = PBXFileReference; lastKnownFileType = file.storyboard; name = Base; path = Base.lproj/Main.storyboard; sourceTree = "<group>"; };
		AC81DA222265271F008D0DA0 /* Assets.xcassets */ = {isa = PBXFileReference; lastKnownFileType = folder.assetcatalog; path = Assets.xcassets; sourceTree = "<group>"; };
		AC81DA252265271F008D0DA0 /* Base */ = {isa = PBXFileReference; lastKnownFileType = file.storyboard; name = Base; path = Base.lproj/LaunchScreen.storyboard; sourceTree = "<group>"; };
		AC81DA272265271F008D0DA0 /* Info.plist */ = {isa = PBXFileReference; lastKnownFileType = text.plist.xml; path = Info.plist; sourceTree = "<group>"; };
		AC81DA2E22652CB4008D0DA0 /* BaseDiffrentiation.swift */ = {isa = PBXFileReference; lastKnownFileType = sourcecode.swift; path = BaseDiffrentiation.swift; sourceTree = "<group>"; };
		AC81DA3022652CFD008D0DA0 /* ForwardDiffrentiation.swift */ = {isa = PBXFileReference; lastKnownFileType = sourcecode.swift; path = ForwardDiffrentiation.swift; sourceTree = "<group>"; };
		AC81DA3222652D2F008D0DA0 /* BackwardDiffrentiation.swift */ = {isa = PBXFileReference; lastKnownFileType = sourcecode.swift; path = BackwardDiffrentiation.swift; sourceTree = "<group>"; };
		AC81DA372265CEFC008D0DA0 /* Storyboarded.swift */ = {isa = PBXFileReference; lastKnownFileType = sourcecode.swift; path = Storyboarded.swift; sourceTree = "<group>"; };
		AC81DA392265D402008D0DA0 /* NumericalAnalysis.swift */ = {isa = PBXFileReference; lastKnownFileType = sourcecode.swift; path = NumericalAnalysis.swift; sourceTree = "<group>"; };
		AC81DA422265DF54008D0DA0 /* HomeCoordinator.swift */ = {isa = PBXFileReference; lastKnownFileType = sourcecode.swift; path = HomeCoordinator.swift; sourceTree = "<group>"; };
		AC81DA442265E012008D0DA0 /* Coordinator.swift */ = {isa = PBXFileReference; lastKnownFileType = sourcecode.swift; path = Coordinator.swift; sourceTree = "<group>"; };
		AC81DA472265E080008D0DA0 /* CoordinatedNavigationController.swift */ = {isa = PBXFileReference; lastKnownFileType = sourcecode.swift; path = CoordinatedNavigationController.swift; sourceTree = "<group>"; };
		AC81DA492265E1A2008D0DA0 /* HomeViewController.swift */ = {isa = PBXFileReference; lastKnownFileType = sourcecode.swift; path = HomeViewController.swift; sourceTree = "<group>"; };
		AC81DA4B2265EAEE008D0DA0 /* HomeDataSource.swift */ = {isa = PBXFileReference; lastKnownFileType = sourcecode.swift; path = HomeDataSource.swift; sourceTree = "<group>"; };
		AC81DA4E2265EE40008D0DA0 /* Chapters.json */ = {isa = PBXFileReference; lastKnownFileType = text.json; path = Chapters.json; sourceTree = "<group>"; };
		AC81DA512265F13B008D0DA0 /* BundleLoading.swift */ = {isa = PBXFileReference; lastKnownFileType = sourcecode.swift; path = BundleLoading.swift; sourceTree = "<group>"; };
		AC81DA532265F2B8008D0DA0 /* Chapter.swift */ = {isa = PBXFileReference; lastKnownFileType = sourcecode.swift; path = Chapter.swift; sourceTree = "<group>"; };
		AC81DA562265F6DB008D0DA0 /* TopicViewController.swift */ = {isa = PBXFileReference; lastKnownFileType = sourcecode.swift; path = TopicViewController.swift; sourceTree = "<group>"; };
		AC81DA592266002C008D0DA0 /* numericalAnalysis-Bridging-Header.h */ = {isa = PBXFileReference; lastKnownFileType = sourcecode.c.h; path = "numericalAnalysis-Bridging-Header.h"; sourceTree = "<group>"; };
		E48ED31701C7D23E61F2A377 /* Pods_numericalAnalysis.framework */ = {isa = PBXFileReference; explicitFileType = wrapper.framework; includeInIndex = 0; path = Pods_numericalAnalysis.framework; sourceTree = BUILT_PRODUCTS_DIR; };
		F18DE572F5D31BDE36812552 /* Pods-numericalAnalysis.debug.xcconfig */ = {isa = PBXFileReference; includeInIndex = 1; lastKnownFileType = text.xcconfig; name = "Pods-numericalAnalysis.debug.xcconfig"; path = "Target Support Files/Pods-numericalAnalysis/Pods-numericalAnalysis.debug.xcconfig"; sourceTree = "<group>"; };
/* End PBXFileReference section */

/* Begin PBXFrameworksBuildPhase section */
		AC81DA152265271D008D0DA0 /* Frameworks */ = {
			isa = PBXFrameworksBuildPhase;
			buildActionMask = 2147483647;
			files = (
				8702C212F83DABF33C5DF903 /* Pods_numericalAnalysis.framework in Frameworks */,
			);
			runOnlyForDeploymentPostprocessing = 0;
		};
/* End PBXFrameworksBuildPhase section */

/* Begin PBXGroup section */
		1307A16F176EFC6278BD5C9D /* Pods */ = {
			isa = PBXGroup;
			children = (
				F18DE572F5D31BDE36812552 /* Pods-numericalAnalysis.debug.xcconfig */,
				1A843CD066D5D749B7D6515C /* Pods-numericalAnalysis.release.xcconfig */,
			);
			path = Pods;
			sourceTree = "<group>";
		};
		2A49414DCC3EFAA3FC4CDC9A /* Frameworks */ = {
			isa = PBXGroup;
			children = (
				E48ED31701C7D23E61F2A377 /* Pods_numericalAnalysis.framework */,
			);
			name = Frameworks;
			sourceTree = "<group>";
		};
		AC81DA0F2265271D008D0DA0 = {
			isa = PBXGroup;
			children = (
				AC81DA1A2265271D008D0DA0 /* numericalAnalysis */,
				AC81DA192265271D008D0DA0 /* Products */,
				1307A16F176EFC6278BD5C9D /* Pods */,
				2A49414DCC3EFAA3FC4CDC9A /* Frameworks */,
			);
			sourceTree = "<group>";
		};
		AC81DA192265271D008D0DA0 /* Products */ = {
			isa = PBXGroup;
			children = (
				AC81DA182265271D008D0DA0 /* numericalAnalysis.app */,
			);
			name = Products;
			sourceTree = "<group>";
		};
		AC81DA1A2265271D008D0DA0 /* numericalAnalysis */ = {
			isa = PBXGroup;
			children = (
				AC81DA502265F123008D0DA0 /* Extensions */,
				AC81DA462265E066008D0DA0 /* Reusables */,
				AC81DA362265CD7C008D0DA0 /* Protocols */,
				AC81DA402265DF22008D0DA0 /* Tabs */,
				AC81DA3B2265D4B8008D0DA0 /* Math */,
				AC81DA4D2265EE10008D0DA0 /* Content */,
				AC81DA1B2265271D008D0DA0 /* AppDelegate.swift */,
				AC81DA1D2265271D008D0DA0 /* MainTabBarContoller.swift */,
				AC81DA1F2265271D008D0DA0 /* Main.storyboard */,
				AC81DA242265271F008D0DA0 /* LaunchScreen.storyboard */,
				AC81DA272265271F008D0DA0 /* Info.plist */,
				AC81DA392265D402008D0DA0 /* NumericalAnalysis.swift */,
				AC81DA592266002C008D0DA0 /* numericalAnalysis-Bridging-Header.h */,
			);
			path = numericalAnalysis;
			sourceTree = "<group>";
		};
		AC81DA362265CD7C008D0DA0 /* Protocols */ = {
			isa = PBXGroup;
			children = (
				AC81DA372265CEFC008D0DA0 /* Storyboarded.swift */,
				AC81DA442265E012008D0DA0 /* Coordinator.swift */,
			);
			path = Protocols;
			sourceTree = "<group>";
		};
		AC81DA3B2265D4B8008D0DA0 /* Math */ = {
			isa = PBXGroup;
			children = (
				AC81DA3C2265D4CC008D0DA0 /* Chapter 1 */,
				AC81DA3D2265D4D7008D0DA0 /* Chapter 2 */,
				AC81DA3E2265D4F3008D0DA0 /* Chapter 3 */,
				AC81DA3F2265D516008D0DA0 /* Chapter 4 */,
			);
			path = Math;
			sourceTree = "<group>";
		};
		AC81DA3C2265D4CC008D0DA0 /* Chapter 1 */ = {
			isa = PBXGroup;
			children = (
			);
			path = "Chapter 1";
			sourceTree = "<group>";
		};
		AC81DA3D2265D4D7008D0DA0 /* Chapter 2 */ = {
			isa = PBXGroup;
			children = (
			);
			path = "Chapter 2";
			sourceTree = "<group>";
		};
		AC81DA3E2265D4F3008D0DA0 /* Chapter 3 */ = {
			isa = PBXGroup;
			children = (
			);
			path = "Chapter 3";
			sourceTree = "<group>";
		};
		AC81DA3F2265D516008D0DA0 /* Chapter 4 */ = {
			isa = PBXGroup;
			children = (
				AC81DA2E22652CB4008D0DA0 /* BaseDiffrentiation.swift */,
				AC81DA3022652CFD008D0DA0 /* ForwardDiffrentiation.swift */,
				AC81DA3222652D2F008D0DA0 /* BackwardDiffrentiation.swift */,
			);
			path = "Chapter 4";
			sourceTree = "<group>";
		};
		AC81DA402265DF22008D0DA0 /* Tabs */ = {
			isa = PBXGroup;
			children = (
				AC81DA412265DF2E008D0DA0 /* Home */,
			);
			path = Tabs;
			sourceTree = "<group>";
		};
		AC81DA412265DF2E008D0DA0 /* Home */ = {
			isa = PBXGroup;
			children = (
				AC81DA552265F6CB008D0DA0 /* Topic */,
				AC81DA422265DF54008D0DA0 /* HomeCoordinator.swift */,
				AC81DA492265E1A2008D0DA0 /* HomeViewController.swift */,
				AC81DA4B2265EAEE008D0DA0 /* HomeDataSource.swift */,
				AC81DA532265F2B8008D0DA0 /* Chapter.swift */,
			);
			path = Home;
			sourceTree = "<group>";
		};
		AC81DA462265E066008D0DA0 /* Reusables */ = {
			isa = PBXGroup;
			children = (
				AC81DA472265E080008D0DA0 /* CoordinatedNavigationController.swift */,
			);
			path = Reusables;
			sourceTree = "<group>";
		};
		AC81DA4D2265EE10008D0DA0 /* Content */ = {
			isa = PBXGroup;
			children = (
				AC81DA222265271F008D0DA0 /* Assets.xcassets */,
				AC81DA4E2265EE40008D0DA0 /* Chapters.json */,
			);
			path = Content;
			sourceTree = "<group>";
		};
		AC81DA502265F123008D0DA0 /* Extensions */ = {
			isa = PBXGroup;
			children = (
				AC81DA512265F13B008D0DA0 /* BundleLoading.swift */,
			);
			path = Extensions;
			sourceTree = "<group>";
		};
		AC81DA552265F6CB008D0DA0 /* Topic */ = {
			isa = PBXGroup;
			children = (
				AC81DA562265F6DB008D0DA0 /* TopicViewController.swift */,
			);
			path = Topic;
			sourceTree = "<group>";
		};
/* End PBXGroup section */

/* Begin PBXNativeTarget section */
		AC81DA172265271D008D0DA0 /* numericalAnalysis */ = {
			isa = PBXNativeTarget;
			buildConfigurationList = AC81DA2A2265271F008D0DA0 /* Build configuration list for PBXNativeTarget "numericalAnalysis" */;
			buildPhases = (
				1FB9CA820830EACBA5A54BB7 /* [CP] Check Pods Manifest.lock */,
				AC81DA142265271D008D0DA0 /* Sources */,
				AC81DA152265271D008D0DA0 /* Frameworks */,
				AC81DA162265271D008D0DA0 /* Resources */,
				CAA726FDE2358B9D7D1F6021 /* [CP] Embed Pods Frameworks */,
			);
			buildRules = (
			);
			dependencies = (
			);
			name = numericalAnalysis;
			productName = numericalAnalysis;
			productReference = AC81DA182265271D008D0DA0 /* numericalAnalysis.app */;
			productType = "com.apple.product-type.application";
		};
/* End PBXNativeTarget section */

/* Begin PBXProject section */
		AC81DA102265271D008D0DA0 /* Project object */ = {
			isa = PBXProject;
			attributes = {
				LastSwiftUpdateCheck = 1020;
				LastUpgradeCheck = 1020;
				ORGANIZATIONNAME = "Kamil Sosna";
				TargetAttributes = {
					AC81DA172265271D008D0DA0 = {
						CreatedOnToolsVersion = 10.2;
						LastSwiftMigration = 1020;
					};
				};
			};
			buildConfigurationList = AC81DA132265271D008D0DA0 /* Build configuration list for PBXProject "numericalAnalysis" */;
			compatibilityVersion = "Xcode 9.3";
			developmentRegion = en;
			hasScannedForEncodings = 0;
			knownRegions = (
				en,
				Base,
			);
			mainGroup = AC81DA0F2265271D008D0DA0;
			productRefGroup = AC81DA192265271D008D0DA0 /* Products */;
			projectDirPath = "";
			projectRoot = "";
			targets = (
				AC81DA172265271D008D0DA0 /* numericalAnalysis */,
			);
		};
/* End PBXProject section */

/* Begin PBXResourcesBuildPhase section */
		AC81DA162265271D008D0DA0 /* Resources */ = {
			isa = PBXResourcesBuildPhase;
			buildActionMask = 2147483647;
			files = (
				AC81DA262265271F008D0DA0 /* LaunchScreen.storyboard in Resources */,
				AC81DA232265271F008D0DA0 /* Assets.xcassets in Resources */,
				AC81DA212265271D008D0DA0 /* Main.storyboard in Resources */,
				AC81DA4F2265EE40008D0DA0 /* Chapters.json in Resources */,
			);
			runOnlyForDeploymentPostprocessing = 0;
		};
/* End PBXResourcesBuildPhase section */

/* Begin PBXShellScriptBuildPhase section */
		1FB9CA820830EACBA5A54BB7 /* [CP] Check Pods Manifest.lock */ = {
			isa = PBXShellScriptBuildPhase;
			buildActionMask = 2147483647;
			files = (
			);
			inputFileListPaths = (
			);
			inputPaths = (
				"${PODS_PODFILE_DIR_PATH}/Podfile.lock",
				"${PODS_ROOT}/Manifest.lock",
			);
			name = "[CP] Check Pods Manifest.lock";
			outputFileListPaths = (
			);
			outputPaths = (
				"$(DERIVED_FILE_DIR)/Pods-numericalAnalysis-checkManifestLockResult.txt",
			);
			runOnlyForDeploymentPostprocessing = 0;
			shellPath = /bin/sh;
			shellScript = "diff \"${PODS_PODFILE_DIR_PATH}/Podfile.lock\" \"${PODS_ROOT}/Manifest.lock\" > /dev/null\nif [ $? != 0 ] ; then\n    # print error to STDERR\n    echo \"error: The sandbox is not in sync with the Podfile.lock. Run 'pod install' or update your CocoaPods installation.\" >&2\n    exit 1\nfi\n# This output is used by Xcode 'outputs' to avoid re-running this script phase.\necho \"SUCCESS\" > \"${SCRIPT_OUTPUT_FILE_0}\"\n";
			showEnvVarsInLog = 0;
		};
		CAA726FDE2358B9D7D1F6021 /* [CP] Embed Pods Frameworks */ = {
			isa = PBXShellScriptBuildPhase;
			buildActionMask = 2147483647;
			files = (
			);
			inputFileListPaths = (
			);
			inputPaths = (
				"${PODS_ROOT}/Target Support Files/Pods-numericalAnalysis/Pods-numericalAnalysis-frameworks.sh",
				"${BUILT_PRODUCTS_DIR}/iosMath/iosMath.framework",
			);
			name = "[CP] Embed Pods Frameworks";
			outputFileListPaths = (
			);
			outputPaths = (
				"${TARGET_BUILD_DIR}/${FRAMEWORKS_FOLDER_PATH}/iosMath.framework",
			);
			runOnlyForDeploymentPostprocessing = 0;
			shellPath = /bin/sh;
			shellScript = "\"${PODS_ROOT}/Target Support Files/Pods-numericalAnalysis/Pods-numericalAnalysis-frameworks.sh\"\n";
			showEnvVarsInLog = 0;
		};
/* End PBXShellScriptBuildPhase section */

/* Begin PBXSourcesBuildPhase section */
		AC81DA142265271D008D0DA0 /* Sources */ = {
			isa = PBXSourcesBuildPhase;
			buildActionMask = 2147483647;
			files = (
				AC81DA1E2265271D008D0DA0 /* MainTabBarContoller.swift in Sources */,
				AC81DA3322652D2F008D0DA0 /* BackwardDiffrentiation.swift in Sources */,
				AC81DA572265F6DB008D0DA0 /* TopicViewController.swift in Sources */,
				AC81DA482265E080008D0DA0 /* CoordinatedNavigationController.swift in Sources */,
				AC81DA452265E012008D0DA0 /* Coordinator.swift in Sources */,
				AC81DA432265DF54008D0DA0 /* HomeCoordinator.swift in Sources */,
				AC81DA542265F2B8008D0DA0 /* Chapter.swift in Sources */,
				AC81DA3122652CFD008D0DA0 /* ForwardDiffrentiation.swift in Sources */,
				AC81DA1C2265271D008D0DA0 /* AppDelegate.swift in Sources */,
				AC81DA2F22652CB4008D0DA0 /* BaseDiffrentiation.swift in Sources */,
				AC81DA3A2265D402008D0DA0 /* NumericalAnalysis.swift in Sources */,
				AC81DA522265F13B008D0DA0 /* BundleLoading.swift in Sources */,
				AC81DA382265CEFC008D0DA0 /* Storyboarded.swift in Sources */,
				AC81DA4C2265EAEE008D0DA0 /* HomeDataSource.swift in Sources */,
				AC81DA4A2265E1A2008D0DA0 /* HomeViewController.swift in Sources */,
			);
			runOnlyForDeploymentPostprocessing = 0;
		};
/* End PBXSourcesBuildPhase section */

/* Begin PBXVariantGroup section */
		AC81DA1F2265271D008D0DA0 /* Main.storyboard */ = {
			isa = PBXVariantGroup;
			children = (
				AC81DA202265271D008D0DA0 /* Base */,
			);
			name = Main.storyboard;
			sourceTree = "<group>";
		};
		AC81DA242265271F008D0DA0 /* LaunchScreen.storyboard */ = {
			isa = PBXVariantGroup;
			children = (
				AC81DA252265271F008D0DA0 /* Base */,
			);
			name = LaunchScreen.storyboard;
			sourceTree = "<group>";
		};
/* End PBXVariantGroup section */

/* Begin XCBuildConfiguration section */
		AC81DA282265271F008D0DA0 /* Debug */ = {
			isa = XCBuildConfiguration;
			buildSettings = {
				ALWAYS_SEARCH_USER_PATHS = NO;
				CLANG_ANALYZER_NONNULL = YES;
				CLANG_ANALYZER_NUMBER_OBJECT_CONVERSION = YES_AGGRESSIVE;
				CLANG_CXX_LANGUAGE_STANDARD = "gnu++14";
				CLANG_CXX_LIBRARY = "libc++";
				CLANG_ENABLE_MODULES = YES;
				CLANG_ENABLE_OBJC_ARC = YES;
				CLANG_ENABLE_OBJC_WEAK = YES;
				CLANG_WARN_BLOCK_CAPTURE_AUTORELEASING = YES;
				CLANG_WARN_BOOL_CONVERSION = YES;
				CLANG_WARN_COMMA = YES;
				CLANG_WARN_CONSTANT_CONVERSION = YES;
				CLANG_WARN_DEPRECATED_OBJC_IMPLEMENTATIONS = YES;
				CLANG_WARN_DIRECT_OBJC_ISA_USAGE = YES_ERROR;
				CLANG_WARN_DOCUMENTATION_COMMENTS = YES;
				CLANG_WARN_EMPTY_BODY = YES;
				CLANG_WARN_ENUM_CONVERSION = YES;
				CLANG_WARN_INFINITE_RECURSION = YES;
				CLANG_WARN_INT_CONVERSION = YES;
				CLANG_WARN_NON_LITERAL_NULL_CONVERSION = YES;
				CLANG_WARN_OBJC_IMPLICIT_RETAIN_SELF = YES;
				CLANG_WARN_OBJC_LITERAL_CONVERSION = YES;
				CLANG_WARN_OBJC_ROOT_CLASS = YES_ERROR;
				CLANG_WARN_RANGE_LOOP_ANALYSIS = YES;
				CLANG_WARN_STRICT_PROTOTYPES = YES;
				CLANG_WARN_SUSPICIOUS_MOVE = YES;
				CLANG_WARN_UNGUARDED_AVAILABILITY = YES_AGGRESSIVE;
				CLANG_WARN_UNREACHABLE_CODE = YES;
				CLANG_WARN__DUPLICATE_METHOD_MATCH = YES;
				CODE_SIGN_IDENTITY = "iPhone Developer";
				COPY_PHASE_STRIP = NO;
				DEBUG_INFORMATION_FORMAT = dwarf;
				ENABLE_STRICT_OBJC_MSGSEND = YES;
				ENABLE_TESTABILITY = YES;
				GCC_C_LANGUAGE_STANDARD = gnu11;
				GCC_DYNAMIC_NO_PIC = NO;
				GCC_NO_COMMON_BLOCKS = YES;
				GCC_OPTIMIZATION_LEVEL = 0;
				GCC_PREPROCESSOR_DEFINITIONS = (
					"DEBUG=1",
					"$(inherited)",
				);
				GCC_WARN_64_TO_32_BIT_CONVERSION = YES;
				GCC_WARN_ABOUT_RETURN_TYPE = YES_ERROR;
				GCC_WARN_UNDECLARED_SELECTOR = YES;
				GCC_WARN_UNINITIALIZED_AUTOS = YES_AGGRESSIVE;
				GCC_WARN_UNUSED_FUNCTION = YES;
				GCC_WARN_UNUSED_VARIABLE = YES;
				IPHONEOS_DEPLOYMENT_TARGET = 12.2;
				MTL_ENABLE_DEBUG_INFO = INCLUDE_SOURCE;
				MTL_FAST_MATH = YES;
				ONLY_ACTIVE_ARCH = YES;
				SDKROOT = iphoneos;
				SWIFT_ACTIVE_COMPILATION_CONDITIONS = DEBUG;
				SWIFT_OPTIMIZATION_LEVEL = "-Onone";
			};
			name = Debug;
		};
		AC81DA292265271F008D0DA0 /* Release */ = {
			isa = XCBuildConfiguration;
			buildSettings = {
				ALWAYS_SEARCH_USER_PATHS = NO;
				CLANG_ANALYZER_NONNULL = YES;
				CLANG_ANALYZER_NUMBER_OBJECT_CONVERSION = YES_AGGRESSIVE;
				CLANG_CXX_LANGUAGE_STANDARD = "gnu++14";
				CLANG_CXX_LIBRARY = "libc++";
				CLANG_ENABLE_MODULES = YES;
				CLANG_ENABLE_OBJC_ARC = YES;
				CLANG_ENABLE_OBJC_WEAK = YES;
				CLANG_WARN_BLOCK_CAPTURE_AUTORELEASING = YES;
				CLANG_WARN_BOOL_CONVERSION = YES;
				CLANG_WARN_COMMA = YES;
				CLANG_WARN_CONSTANT_CONVERSION = YES;
				CLANG_WARN_DEPRECATED_OBJC_IMPLEMENTATIONS = YES;
				CLANG_WARN_DIRECT_OBJC_ISA_USAGE = YES_ERROR;
				CLANG_WARN_DOCUMENTATION_COMMENTS = YES;
				CLANG_WARN_EMPTY_BODY = YES;
				CLANG_WARN_ENUM_CONVERSION = YES;
				CLANG_WARN_INFINITE_RECURSION = YES;
				CLANG_WARN_INT_CONVERSION = YES;
				CLANG_WARN_NON_LITERAL_NULL_CONVERSION = YES;
				CLANG_WARN_OBJC_IMPLICIT_RETAIN_SELF = YES;
				CLANG_WARN_OBJC_LITERAL_CONVERSION = YES;
				CLANG_WARN_OBJC_ROOT_CLASS = YES_ERROR;
				CLANG_WARN_RANGE_LOOP_ANALYSIS = YES;
				CLANG_WARN_STRICT_PROTOTYPES = YES;
				CLANG_WARN_SUSPICIOUS_MOVE = YES;
				CLANG_WARN_UNGUARDED_AVAILABILITY = YES_AGGRESSIVE;
				CLANG_WARN_UNREACHABLE_CODE = YES;
				CLANG_WARN__DUPLICATE_METHOD_MATCH = YES;
				CODE_SIGN_IDENTITY = "iPhone Developer";
				COPY_PHASE_STRIP = NO;
				DEBUG_INFORMATION_FORMAT = "dwarf-with-dsym";
				ENABLE_NS_ASSERTIONS = NO;
				ENABLE_STRICT_OBJC_MSGSEND = YES;
				GCC_C_LANGUAGE_STANDARD = gnu11;
				GCC_NO_COMMON_BLOCKS = YES;
				GCC_WARN_64_TO_32_BIT_CONVERSION = YES;
				GCC_WARN_ABOUT_RETURN_TYPE = YES_ERROR;
				GCC_WARN_UNDECLARED_SELECTOR = YES;
				GCC_WARN_UNINITIALIZED_AUTOS = YES_AGGRESSIVE;
				GCC_WARN_UNUSED_FUNCTION = YES;
				GCC_WARN_UNUSED_VARIABLE = YES;
				IPHONEOS_DEPLOYMENT_TARGET = 12.2;
				MTL_ENABLE_DEBUG_INFO = NO;
				MTL_FAST_MATH = YES;
				SDKROOT = iphoneos;
				SWIFT_COMPILATION_MODE = wholemodule;
				SWIFT_OPTIMIZATION_LEVEL = "-O";
				VALIDATE_PRODUCT = YES;
			};
			name = Release;
		};
		AC81DA2B2265271F008D0DA0 /* Debug */ = {
			isa = XCBuildConfiguration;
			baseConfigurationReference = F18DE572F5D31BDE36812552 /* Pods-numericalAnalysis.debug.xcconfig */;
			buildSettings = {
				ASSETCATALOG_COMPILER_APPICON_NAME = AppIcon;
				CLANG_ENABLE_MODULES = YES;
				CODE_SIGN_STYLE = Automatic;
				DEVELOPMENT_TEAM = 53S9T268HG;
				INFOPLIST_FILE = numericalAnalysis/Info.plist;
				LD_RUNPATH_SEARCH_PATHS = (
					"$(inherited)",
					"@executable_path/Frameworks",
				);
				PRODUCT_BUNDLE_IDENTIFIER = ks.numericalAnalysis;
				PRODUCT_NAME = "$(TARGET_NAME)";
				SWIFT_OBJC_BRIDGING_HEADER = "numericalAnalysis/numericalAnalysis-Bridging-Header.h";
				SWIFT_OPTIMIZATION_LEVEL = "-Onone";
				SWIFT_VERSION = 5.0;
				TARGETED_DEVICE_FAMILY = "1,2";
			};
			name = Debug;
		};
		AC81DA2C2265271F008D0DA0 /* Release */ = {
			isa = XCBuildConfiguration;
			baseConfigurationReference = 1A843CD066D5D749B7D6515C /* Pods-numericalAnalysis.release.xcconfig */;
			buildSettings = {
				ASSETCATALOG_COMPILER_APPICON_NAME = AppIcon;
				CLANG_ENABLE_MODULES = YES;
				CODE_SIGN_STYLE = Automatic;
				DEVELOPMENT_TEAM = 53S9T268HG;
				INFOPLIST_FILE = numericalAnalysis/Info.plist;
				LD_RUNPATH_SEARCH_PATHS = (
					"$(inherited)",
					"@executable_path/Frameworks",
				);
				PRODUCT_BUNDLE_IDENTIFIER = ks.numericalAnalysis;
				PRODUCT_NAME = "$(TARGET_NAME)";
				SWIFT_OBJC_BRIDGING_HEADER = "numericalAnalysis/numericalAnalysis-Bridging-Header.h";
				SWIFT_VERSION = 5.0;
				TARGETED_DEVICE_FAMILY = "1,2";
			};
			name = Release;
		};
/* End XCBuildConfiguration section */

/* Begin XCConfigurationList section */
		AC81DA132265271D008D0DA0 /* Build configuration list for PBXProject "numericalAnalysis" */ = {
			isa = XCConfigurationList;
			buildConfigurations = (
				AC81DA282265271F008D0DA0 /* Debug */,
				AC81DA292265271F008D0DA0 /* Release */,
			);
			defaultConfigurationIsVisible = 0;
			defaultConfigurationName = Release;
		};
		AC81DA2A2265271F008D0DA0 /* Build configuration list for PBXNativeTarget "numericalAnalysis" */ = {
			isa = XCConfigurationList;
			buildConfigurations = (
				AC81DA2B2265271F008D0DA0 /* Debug */,
				AC81DA2C2265271F008D0DA0 /* Release */,
			);
			defaultConfigurationIsVisible = 0;
			defaultConfigurationName = Release;
		};
/* End XCConfigurationList section */
	};
	rootObject = AC81DA102265271D008D0DA0 /* Project object */;
}
